
Microsoft Visual Studio Solution File, Format Version 12.00
# Visual Studio 15
VisualStudioVersion = 15.0.28307.438
MinimumVisualStudioVersion = 10.0.40219.1
Project("{FAE04EC0-301F-11D3-BF4B-00C04F79EFBC}") = "ProgramTrading", "ProgramTrading\ProgramTrading.csproj", "{6478AF70-C840-4A06-ADE2-6C31CBDC2B30}"
EndProject
Project("{FAE04EC0-301F-11D3-BF4B-00C04F79EFBC}") = "Lab1", "Lab1\Lab1.csproj", "{079F8841-E232-4312-BBBC-8F1315B38955}"
EndProject
Project("{FAE04EC0-301F-11D3-BF4B-00C04F79EFBC}") = "Lab2", "Lab2\Lab2.csproj", "{08292A5B-B889-4C69-BC4B-E37862D423D3}"
EndProject
Project("{FAE04EC0-301F-11D3-BF4B-00C04F79EFBC}") = "Lab3", "Lab3\Lab3.csproj", "{12DC6302-E992-4F29-93F8-29193EEDB060}"
EndProject
Project("{FAE04EC0-301F-11D3-BF4B-00C04F79EFBC}") = "Lab4", "Lab4\Lab4.csproj", "{BA310BD1-79E5-4D4F-ABE4-734C21FD24A7}"
EndProject
Project("{FAE04EC0-301F-11D3-BF4B-00C04F79EFBC}") = "NLog_Example", "NLog_Example\NLog_Example.csproj", "{02368C88-AFDC-4608-97E5-B9CFE0AC8C76}"
EndProject
Project("{FAE04EC0-301F-11D3-BF4B-00C04F79EFBC}") = "Lab5", "Lab5\Lab5.csproj", "{F571478B-1156-4EB9-AA22-3B445311ED62}"
EndProject
Project("{FAE04EC0-301F-11D3-BF4B-00C04F79EFBC}") = "Lab6", "Lab6\Lab6.csproj", "{C057421F-6386-495D-8922-83B5975846D5}"
EndProject
Project("{FAE04EC0-301F-11D3-BF4B-00C04F79EFBC}") = "Lab7", "Lab7\Lab7.csproj", "{12713079-17C7-4982-87B4-7BD3051A0909}"
EndProject
Project("{FAE04EC0-301F-11D3-BF4B-00C04F79EFBC}") = "Lab8", "Lab8\Lab8.csproj", "{68D503B0-B8CE-455C-AC32-311BD9ED6FBA}"
EndProject
Project("{FAE04EC0-301F-11D3-BF4B-00C04F79EFBC}") = "Lab9", "Lab9\Lab9.csproj", "{8FFDFF04-DC6F-4C8B-B3D8-C244E82B521D}"
EndProject
Project("{FAE04EC0-301F-11D3-BF4B-00C04F79EFBC}") = "Lab10", "Lab10\Lab10.csproj", "{7D03E540-0011-4C46-9574-D817E7C8448D}"
EndProject
Project("{FAE04EC0-301F-11D3-BF4B-00C04F79EFBC}") = "TradingUI", "TradingUI\TradingUI.csproj", "{2DEE5BEF-DD99-4C36-B3C0-6B49AA6B8EAA}"
EndProject
Project("{FAE04EC0-301F-11D3-BF4B-00C04F79EFBC}") = "TradeingUI2", "TradeingUI2\TradeingUI2.csproj", "{28E06579-48D7-4CA3-81A3-FC9CF29CC44A}"
EndProject
Global
	GlobalSection(SolutionConfigurationPlatforms) = preSolution
		Debug|Any CPU = Debug|Any CPU
		Release|Any CPU = Release|Any CPU
	EndGlobalSection
	GlobalSection(ProjectConfigurationPlatforms) = postSolution
		{6478AF70-C840-4A06-ADE2-6C31CBDC2B30}.Debug|Any CPU.ActiveCfg = Debug|Any CPU
		{6478AF70-C840-4A06-ADE2-6C31CBDC2B30}.Debug|Any CPU.Build.0 = Debug|Any CPU
		{6478AF70-C840-4A06-ADE2-6C31CBDC2B30}.Release|Any CPU.ActiveCfg = Release|Any CPU
		{6478AF70-C840-4A06-ADE2-6C31CBDC2B30}.Release|Any CPU.Build.0 = Release|Any CPU
		{079F8841-E232-4312-BBBC-8F1315B38955}.Debug|Any CPU.ActiveCfg = Debug|Any CPU
		{079F8841-E232-4312-BBBC-8F1315B38955}.Debug|Any CPU.Build.0 = Debug|Any CPU
		{079F8841-E232-4312-BBBC-8F1315B38955}.Release|Any CPU.ActiveCfg = Release|Any CPU
		{079F8841-E232-4312-BBBC-8F1315B38955}.Release|Any CPU.Build.0 = Release|Any CPU
		{08292A5B-B889-4C69-BC4B-E37862D423D3}.Debug|Any CPU.ActiveCfg = Debug|Any CPU
		{08292A5B-B889-4C69-BC4B-E37862D423D3}.Debug|Any CPU.Build.0 = Debug|Any CPU
		{08292A5B-B889-4C69-BC4B-E37862D423D3}.Release|Any CPU.ActiveCfg = Release|Any CPU
		{08292A5B-B889-4C69-BC4B-E37862D423D3}.Release|Any CPU.Build.0 = Release|Any CPU
		{12DC6302-E992-4F29-93F8-29193EEDB060}.Debug|Any CPU.ActiveCfg = Debug|Any CPU
		{12DC6302-E992-4F29-93F8-29193EEDB060}.Debug|Any CPU.Build.0 = Debug|Any CPU
		{12DC6302-E992-4F29-93F8-29193EEDB060}.Release|Any CPU.ActiveCfg = Release|Any CPU
		{12DC6302-E992-4F29-93F8-29193EEDB060}.Release|Any CPU.Build.0 = Release|Any CPU
		{BA310BD1-79E5-4D4F-ABE4-734C21FD24A7}.Debug|Any CPU.ActiveCfg = Debug|Any CPU
		{BA310BD1-79E5-4D4F-ABE4-734C21FD24A7}.Debug|Any CPU.Build.0 = Debug|Any CPU
		{BA310BD1-79E5-4D4F-ABE4-734C21FD24A7}.Release|Any CPU.ActiveCfg = Release|Any CPU
		{BA310BD1-79E5-4D4F-ABE4-734C21FD24A7}.Release|Any CPU.Build.0 = Release|Any CPU
		{02368C88-AFDC-4608-97E5-B9CFE0AC8C76}.Debug|Any CPU.ActiveCfg = Debug|Any CPU
		{02368C88-AFDC-4608-97E5-B9CFE0AC8C76}.Debug|Any CPU.Build.0 = Debug|Any CPU
		{02368C88-AFDC-4608-97E5-B9CFE0AC8C76}.Release|Any CPU.ActiveCfg = Release|Any CPU
		{02368C88-AFDC-4608-97E5-B9CFE0AC8C76}.Release|Any CPU.Build.0 = Release|Any CPU
		{F571478B-1156-4EB9-AA22-3B445311ED62}.Debug|Any CPU.ActiveCfg = Debug|Any CPU
		{F571478B-1156-4EB9-AA22-3B445311ED62}.Debug|Any CPU.Build.0 = Debug|Any CPU
		{F571478B-1156-4EB9-AA22-3B445311ED62}.Release|Any CPU.ActiveCfg = Release|Any CPU
		{F571478B-1156-4EB9-AA22-3B445311ED62}.Release|Any CPU.Build.0 = Release|Any CPU
		{C057421F-6386-495D-8922-83B5975846D5}.Debug|Any CPU.ActiveCfg = Debug|Any CPU
		{C057421F-6386-495D-8922-83B5975846D5}.Debug|Any CPU.Build.0 = Debug|Any CPU
		{C057421F-6386-495D-8922-83B5975846D5}.Release|Any CPU.ActiveCfg = Release|Any CPU
		{C057421F-6386-495D-8922-83B5975846D5}.Release|Any CPU.Build.0 = Release|Any CPU
		{12713079-17C7-4982-87B4-7BD3051A0909}.Debug|Any CPU.ActiveCfg = Debug|Any CPU
		{12713079-17C7-4982-87B4-7BD3051A0909}.Debug|Any CPU.Build.0 = Debug|Any CPU
		{12713079-17C7-4982-87B4-7BD3051A0909}.Release|Any CPU.ActiveCfg = Release|Any CPU
		{12713079-17C7-4982-87B4-7BD3051A0909}.Release|Any CPU.Build.0 = Release|Any CPU
		{68D503B0-B8CE-455C-AC32-311BD9ED6FBA}.Debug|Any CPU.ActiveCfg = Debug|Any CPU
		{68D503B0-B8CE-455C-AC32-311BD9ED6FBA}.Debug|Any CPU.Build.0 = Debug|Any CPU
		{68D503B0-B8CE-455C-AC32-311BD9ED6FBA}.Release|Any CPU.ActiveCfg = Release|Any CPU
		{68D503B0-B8CE-455C-AC32-311BD9ED6FBA}.Release|Any CPU.Build.0 = Release|Any CPU
		{8FFDFF04-DC6F-4C8B-B3D8-C244E82B521D}.Debug|Any CPU.ActiveCfg = Debug|Any CPU
		{8FFDFF04-DC6F-4C8B-B3D8-C244E82B521D}.Debug|Any CPU.Build.0 = Debug|Any CPU
		{8FFDFF04-DC6F-4C8B-B3D8-C244E82B521D}.Release|Any CPU.ActiveCfg = Release|Any CPU
		{8FFDFF04-DC6F-4C8B-B3D8-C244E82B521D}.Release|Any CPU.Build.0 = Release|Any CPU
		{7D03E540-0011-4C46-9574-D817E7C8448D}.Debug|Any CPU.ActiveCfg = Debug|Any CPU
		{7D03E540-0011-4C46-9574-D817E7C8448D}.Debug|Any CPU.Build.0 = Debug|Any CPU
		{7D03E540-0011-4C46-9574-D817E7C8448D}.Release|Any CPU.ActiveCfg = Release|Any CPU
		{7D03E540-0011-4C46-9574-D817E7C8448D}.Release|Any CPU.Build.0 = Release|Any CPU
		{2DEE5BEF-DD99-4C36-B3C0-6B49AA6B8EAA}.Debug|Any CPU.ActiveCfg = Debug|Any CPU
		{2DEE5BEF-DD99-4C36-B3C0-6B49AA6B8EAA}.Debug|Any CPU.Build.0 = Debug|Any CPU
		{2DEE5BEF-DD99-4C36-B3C0-6B49AA6B8EAA}.Release|Any CPU.ActiveCfg = Release|Any CPU
		{2DEE5BEF-DD99-4C36-B3C0-6B49AA6B8EAA}.Release|Any CPU.Build.0 = Release|Any CPU
		{28E06579-48D7-4CA3-81A3-FC9CF29CC44A}.Debug|Any CPU.ActiveCfg = Debug|Any CPU
		{28E06579-48D7-4CA3-81A3-FC9CF29CC44A}.Debug|Any CPU.Build.0 = Debug|Any CPU
		{28E06579-48D7-4CA3-81A3-FC9CF29CC44A}.Release|Any CPU.ActiveCfg = Release|Any CPU
		{28E06579-48D7-4CA3-81A3-FC9CF29CC44A}.Release|Any CPU.Build.0 = Release|Any CPU
	EndGlobalSection
	GlobalSection(SolutionProperties) = preSolution
		HideSolutionNode = FALSE
	EndGlobalSection
	GlobalSection(ExtensibilityGlobals) = postSolution
		SolutionGuid = {684C83DD-D6EA-44A1-9431-7B720ACE735C}
	EndGlobalSection
EndGlobal
